
Microsoft Visual Studio Solution File, Format Version 12.00
# Visual Studio Version 17
VisualStudioVersion = 17.5.33209.295
MinimumVisualStudioVersion = 10.0.40219.1
Project("{8BC9CEB8-8B4A-11D0-8D11-00A0C91BC942}") = "UnitTestSuit", "UnitTestSuit\UnitTestSuit.vcxproj", "{E95AEA9A-0895-4B4A-9C4A-675AE2E283C8}"
EndProject
Project("{8BC9CEB8-8B4A-11D0-8D11-00A0C91BC942}") = "LibUnitTestSuit", "LibUnitTestSuit\LibUnitTestSuit.vcxproj", "{2DBC9CAD-331D-4C75-86B6-67EFC992E04F}"
EndProject
Project("{8BC9CEB8-8B4A-11D0-8D11-00A0C91BC942}") = "TestProject", "..\UnitTestSuitTestProject\TestProject\TestProject.vcxproj", "{DF0BB2C6-5940-4545-B5A0-2D3385C8CD2E}"
EndProject
Global
	GlobalSection(SolutionConfigurationPlatforms) = preSolution
		Debug|x64 = Debug|x64
		Release|x64 = Release|x64
	EndGlobalSection
	GlobalSection(ProjectConfigurationPlatforms) = postSolution
		{E95AEA9A-0895-4B4A-9C4A-675AE2E283C8}.Debug|x64.ActiveCfg = Debug|x64
		{E95AEA9A-0895-4B4A-9C4A-675AE2E283C8}.Debug|x64.Build.0 = Debug|x64
		{E95AEA9A-0895-4B4A-9C4A-675AE2E283C8}.Debug|x86.ActiveCfg = Debug|Win32
		{E95AEA9A-0895-4B4A-9C4A-675AE2E283C8}.Debug|x86.Build.0 = Debug|Win32
		{E95AEA9A-0895-4B4A-9C4A-675AE2E283C8}.Release|x64.ActiveCfg = Release|x64
		{E95AEA9A-0895-4B4A-9C4A-675AE2E283C8}.Release|x64.Build.0 = Release|x64
		{2DBC9CAD-331D-4C75-86B6-67EFC992E04F}.Debug|x64.ActiveCfg = Debug|x64
		{2DBC9CAD-331D-4C75-86B6-67EFC992E04F}.Debug|x64.Build.0 = Debug|x64
		{2DBC9CAD-331D-4C75-86B6-67EFC992E04F}.Release|x64.ActiveCfg = Release|x64
		{2DBC9CAD-331D-4C75-86B6-67EFC992E04F}.Release|x64.Build.0 = Release|x64
		{DF0BB2C6-5940-4545-B5A0-2D3385C8CD2E}.Debug|x64.ActiveCfg = Debug|x64
		{DF0BB2C6-5940-4545-B5A0-2D3385C8CD2E}.Debug|x64.Build.0 = Debug|x64
		{DF0BB2C6-5940-4545-B5A0-2D3385C8CD2E}.Release|x64.ActiveCfg = Release|x64
		{DF0BB2C6-5940-4545-B5A0-2D3385C8CD2E}.Release|x64.Build.0 = Release|x64
	EndGlobalSection
	GlobalSection(SolutionProperties) = preSolution
		HideSolutionNode = FALSE
	EndGlobalSection
	GlobalSection(ExtensibilityGlobals) = postSolution
		SolutionGuid = {AD057784-0B57-4C18-ABA5-509A3723C12F}
	EndGlobalSection
EndGlobal
